# This file is automatically @generated by Poetry and should not be changed by hand.

[[package]]
name = "click"
version = "8.1.3"
description = "Composable command line interface toolkit"
category = "main"
optional = false
python-versions = ">=3.7"
files = [
    {file = "click-8.1.3-py3-none-any.whl", hash = "sha256:bb4d8133cb15a609f44e8213d9b391b0809795062913b383c62be0ee95b1db48"},
    {file = "click-8.1.3.tar.gz", hash = "sha256:7682dc8afb30297001674575ea00d1814d808d6a36af415a82bd481d37ba7b8e"},
]

[package.dependencies]
colorama = {version = "*", markers = "platform_system == \"Windows\""}

[[package]]
name = "colorama"
version = "0.4.6"
description = "Cross-platform colored terminal text."
category = "main"
optional = false
python-versions = "!=3.0.*,!=3.1.*,!=3.2.*,!=3.3.*,!=3.4.*,!=3.5.*,!=3.6.*,>=2.7"
files = [
    {file = "colorama-0.4.6-py2.py3-none-any.whl", hash = "sha256:4f1d9991f5acc0ca119f9d443620b77f9d6b33703e51011c16baf57afb285fc6"},
    {file = "colorama-0.4.6.tar.gz", hash = "sha256:08695f5cb7ed6e0531a20572697297273c47b8cae5a63ffc6d6ed5c201be6e44"},
]

[[package]]
name = "lark"
version = "1.1.5"
description = "a modern parsing library"
category = "main"
optional = false
python-versions = "*"
files = [
    {file = "lark-1.1.5-py3-none-any.whl", hash = "sha256:8476f9903e93fbde4f6c327f74d79e9b4bd0ed9294c5dfa3164ab8c581b5de2a"},
    {file = "lark-1.1.5.tar.gz", hash = "sha256:4b534eae1f9af5b4ea000bea95776350befe1981658eea3820a01c37e504bb4d"},
]

[package.extras]
atomic-cache = ["atomicwrites"]
nearley = ["js2py"]
regex = ["regex"]

[[package]]
name = "watchdog"
version = "2.2.1"
description = "Filesystem events monitoring"
category = "main"
optional = false
python-versions = ">=3.6"
files = [
    {file = "watchdog-2.2.1-cp310-cp310-macosx_10_9_universal2.whl", hash = "sha256:a09483249d25cbdb4c268e020cb861c51baab2d1affd9a6affc68ffe6a231260"},
    {file = "watchdog-2.2.1-cp310-cp310-macosx_10_9_x86_64.whl", hash = "sha256:5100eae58133355d3ca6c1083a33b81355c4f452afa474c2633bd2fbbba398b3"},
    {file = "watchdog-2.2.1-cp310-cp310-macosx_11_0_arm64.whl", hash = "sha256:e618a4863726bc7a3c64f95c218437f3349fb9d909eb9ea3a1ed3b567417c661"},
    {file = "watchdog-2.2.1-cp311-cp311-macosx_10_9_universal2.whl", hash = "sha256:102a60093090fc3ff76c983367b19849b7cc24ec414a43c0333680106e62aae1"},
    {file = "watchdog-2.2.1-cp311-cp311-macosx_10_9_x86_64.whl", hash = "sha256:748ca797ff59962e83cc8e4b233f87113f3cf247c23e6be58b8a2885c7337aa3"},
    {file = "watchdog-2.2.1-cp311-cp311-macosx_11_0_arm64.whl", hash = "sha256:6ccd8d84b9490a82b51b230740468116b8205822ea5fdc700a553d92661253a3"},
    {file = "watchdog-2.2.1-cp36-cp36m-macosx_10_9_x86_64.whl", hash = "sha256:6e01d699cd260d59b84da6bda019dce0a3353e3fcc774408ae767fe88ee096b7"},
    {file = "watchdog-2.2.1-cp37-cp37m-macosx_10_9_x86_64.whl", hash = "sha256:8586d98c494690482c963ffb24c49bf9c8c2fe0589cec4dc2f753b78d1ec301d"},
    {file = "watchdog-2.2.1-cp38-cp38-macosx_10_9_universal2.whl", hash = "sha256:adaf2ece15f3afa33a6b45f76b333a7da9256e1360003032524d61bdb4c422ae"},
    {file = "watchdog-2.2.1-cp38-cp38-macosx_10_9_x86_64.whl", hash = "sha256:83a7cead445008e880dbde833cb9e5cc7b9a0958edb697a96b936621975f15b9"},
    {file = "watchdog-2.2.1-cp38-cp38-macosx_11_0_arm64.whl", hash = "sha256:f8ac23ff2c2df4471a61af6490f847633024e5aa120567e08d07af5718c9d092"},
    {file = "watchdog-2.2.1-cp39-cp39-macosx_10_9_universal2.whl", hash = "sha256:d0f29fd9f3f149a5277929de33b4f121a04cf84bb494634707cfa8ea8ae106a8"},
    {file = "watchdog-2.2.1-cp39-cp39-macosx_10_9_x86_64.whl", hash = "sha256:967636031fa4c4955f0f3f22da3c5c418aa65d50908d31b73b3b3ffd66d60640"},
    {file = "watchdog-2.2.1-cp39-cp39-macosx_11_0_arm64.whl", hash = "sha256:96cbeb494e6cbe3ae6aacc430e678ce4b4dd3ae5125035f72b6eb4e5e9eb4f4e"},
    {file = "watchdog-2.2.1-pp37-pypy37_pp73-macosx_10_9_x86_64.whl", hash = "sha256:61fdb8e9c57baf625e27e1420e7ca17f7d2023929cd0065eb79c83da1dfbeacd"},
    {file = "watchdog-2.2.1-pp38-pypy38_pp73-macosx_10_9_x86_64.whl", hash = "sha256:4cb5ecc332112017fbdb19ede78d92e29a8165c46b68a0b8ccbd0a154f196d5e"},
    {file = "watchdog-2.2.1-pp39-pypy39_pp73-macosx_10_9_x86_64.whl", hash = "sha256:a480d122740debf0afac4ddd583c6c0bb519c24f817b42ed6f850e2f6f9d64a8"},
    {file = "watchdog-2.2.1-py3-none-manylinux2014_aarch64.whl", hash = "sha256:978a1aed55de0b807913b7482d09943b23a2d634040b112bdf31811a422f6344"},
    {file = "watchdog-2.2.1-py3-none-manylinux2014_armv7l.whl", hash = "sha256:8c28c23972ec9c524967895ccb1954bc6f6d4a557d36e681a36e84368660c4ce"},
    {file = "watchdog-2.2.1-py3-none-manylinux2014_i686.whl", hash = "sha256:c27d8c1535fd4474e40a4b5e01f4ba6720bac58e6751c667895cbc5c8a7af33c"},
    {file = "watchdog-2.2.1-py3-none-manylinux2014_ppc64.whl", hash = "sha256:d6b87477752bd86ac5392ecb9eeed92b416898c30bd40c7e2dd03c3146105646"},
    {file = "watchdog-2.2.1-py3-none-manylinux2014_ppc64le.whl", hash = "sha256:cece1aa596027ff56369f0b50a9de209920e1df9ac6d02c7f9e5d8162eb4f02b"},
    {file = "watchdog-2.2.1-py3-none-manylinux2014_s390x.whl", hash = "sha256:8b5cde14e5c72b2df5d074774bdff69e9b55da77e102a91f36ef26ca35f9819c"},
    {file = "watchdog-2.2.1-py3-none-manylinux2014_x86_64.whl", hash = "sha256:e038be858425c4f621900b8ff1a3a1330d9edcfeaa1c0468aeb7e330fb87693e"},
    {file = "watchdog-2.2.1-py3-none-win32.whl", hash = "sha256:bc43c1b24d2f86b6e1cc15f68635a959388219426109233e606517ff7d0a5a73"},
    {file = "watchdog-2.2.1-py3-none-win_amd64.whl", hash = "sha256:17f1708f7410af92ddf591e94ae71a27a13974559e72f7e9fde3ec174b26ba2e"},
    {file = "watchdog-2.2.1-py3-none-win_ia64.whl", hash = "sha256:195ab1d9d611a4c1e5311cbf42273bc541e18ea8c32712f2fb703cfc6ff006f9"},
    {file = "watchdog-2.2.1.tar.gz", hash = "sha256:cdcc23c9528601a8a293eb4369cbd14f6b4f34f07ae8769421252e9c22718b6f"},
]

[package.extras]
watchmedo = ["PyYAML (>=3.10)"]

[metadata]
lock-version = "2.0"
python-versions = "^3.10"
content-hash = "c625f586472a141cf9d1a4bbebb99a60adf09188359cc9823d1af333bb8a84b3"
